<Solution>
  <Configurations>
    <Platform Name="Any CPU" />
    <Platform Name="x64" />
  </Configurations>
  <Project Path="samples/GeoTiffLoad.Winforms/GeoTiffLoad.Winforms.csproj" />
  <Project Path="samples/OpenStreetMap.Winforms/OpenStreetMap.Winforms.csproj" />
  <Project Path="samples/RasterOverview.Winforms/RasterOverview.Winforms.csproj" />
  <Project Path="samples/RasterTileCache.Winforms/RasterTileCache.Winforms.csproj" />
  <Project Path="samples/RasterWorldTransform.Winforms/RasterWorldTransform.Winforms.csproj" />
  <Project Path="samples/XyzAttribution.Winforms/XyzAttribution.Winforms.csproj" />
  <Project Path="samples/XyzCustomUrl.Winforms/XyzCustomUrl.Winforms.csproj" />
  <Project Path="samples/XyzDiagnostics.Winforms/XyzDiagnostics.Winforms.csproj" />
  <Project Path="samples/XyzLocalCache.Winforms/XyzLocalCache.Winforms.csproj" />
  <Project Path="samples/XyzMinMaxZoom.Winforms/XyzMinMaxZoom.Winforms.csproj" />
  <Project Path="samples/XyzPresets.Winforms/XyzPresets.Winforms.csproj" />
  <Project Path="samples/XyzTileSize.Winforms/XyzTileSize.Winforms.csproj" />
</Solution>
