<Solution>
  <Configurations>
    <Platform Name="Any CPU" />
    <Platform Name="x64" />
  </Configurations>
  <Project Path="samples/AddPointInteractive.Winforms/AddPointInteractive.Winforms.csproj" />
  <Project Path="samples/AddPointProgrammatic.Winforms/AddPointProgrammatic.Winforms.csproj" />
  <Project Path="samples/AddPolygonInteractive.Winforms/AddPolygonInteractive.Winforms.csproj" />
  <Project Path="samples/AddPolygonProgrammatic.Winforms/AddPolygonProgrammatic.Winforms.csproj" />
  <Project Path="samples/AddPolylineInteractive.Winforms/AddPolylineInteractive.Winforms.csproj" />
  <Project Path="samples/AddPolylineProgrammatic.Winforms/AddPolylineProgrammatic.Winforms.csproj" />
  <Project Path="samples/AddWithAttributes.Winforms/AddWithAttributes.Winforms.csproj" />
  <Project Path="samples/CanEditCheck.Winforms/CanEditCheck.Winforms.csproj" />
  <Project Path="samples/DeleteFeature.Winforms/DeleteFeature.Winforms.csproj" />
  <Project Path="samples/DeleteVertex.Winforms/DeleteVertex.Winforms.csproj" />
  <Project Path="samples/EditAndSave.Winforms/EditAndSave.Winforms.csproj" />
  <Project Path="samples/EditDirtyState.Winforms/EditDirtyState.Winforms.csproj" />
  <Project Path="samples/EditSession.Winforms/EditSession.Winforms.csproj" />
  <Project Path="samples/EditSessionSignals.Winforms/EditSessionSignals.Winforms.csproj" />
  <Project Path="samples/EditVerticesTool.Winforms/EditVerticesTool.Winforms.csproj" />
  <Project Path="samples/InsertVertex.Winforms/InsertVertex.Winforms.csproj" />
  <Project Path="samples/MoveFeatureProgrammatic.Winforms/MoveFeatureProgrammatic.Winforms.csproj" />
  <Project Path="samples/MoveFeatureTool.Winforms/MoveFeatureTool.Winforms.csproj" />
  <Project Path="samples/MultiLayerEdit.Winforms/MultiLayerEdit.Winforms.csproj" />
  <Project Path="samples/SetAttributes.Winforms/SetAttributes.Winforms.csproj" />
  <Project Path="samples/SnappingEnabled.Winforms/SnappingEnabled.Winforms.csproj" />
  <Project Path="samples/UndoRedo.Winforms/UndoRedo.Winforms.csproj" />
</Solution>
