<Solution>
  <Configurations>
    <Platform Name="Any CPU" />
    <Platform Name="x64" />
  </Configurations>
  <Project Path="samples/GeoTiffLoad.Wpf/GeoTiffLoad.Wpf.csproj" />
  <Project Path="samples/OpenStreetMap.Wpf/OpenStreetMap.Wpf.csproj" />
  <Project Path="samples/RasterOverview.Wpf/RasterOverview.Wpf.csproj" />
  <Project Path="samples/RasterTileCache.Wpf/RasterTileCache.Wpf.csproj" />
  <Project Path="samples/RasterWorldTransform.Wpf/RasterWorldTransform.Wpf.csproj" />
  <Project Path="samples/XyzAttribution.Wpf/XyzAttribution.Wpf.csproj" />
  <Project Path="samples/XyzCustomUrl.Wpf/XyzCustomUrl.Wpf.csproj" />
  <Project Path="samples/XyzDiagnostics.Wpf/XyzDiagnostics.Wpf.csproj" />
  <Project Path="samples/XyzLocalCache.Wpf/XyzLocalCache.Wpf.csproj" />
  <Project Path="samples/XyzMinMaxZoom.Wpf/XyzMinMaxZoom.Wpf.csproj" />
  <Project Path="samples/XyzPresets.Wpf/XyzPresets.Wpf.csproj" />
  <Project Path="samples/XyzTileSize.Wpf/XyzTileSize.Wpf.csproj" />
</Solution>
