<Solution>
  <Configurations>
    <Platform Name="Any CPU" />
    <Platform Name="x64" />
  </Configurations>
  <Project Path="samples/DxfLoad.Winforms/DxfLoad.Winforms.csproj" />
  <Project Path="samples/GeoPackageLoad.Winforms/GeoPackageLoad.Winforms.csproj" />
  <Project Path="samples/KmlLoad.Winforms/KmlLoad.Winforms.csproj" />
  <Project Path="samples/MifLoad.Winforms/MifLoad.Winforms.csproj" />
  <Project Path="samples/ShapefileLoad.Winforms/ShapefileLoad.Winforms.csproj" />
  <Project Path="samples/ShapefileSaveAs.Winforms/ShapefileSaveAs.Winforms.csproj" />
  <Project Path="samples/TabLoad.Winforms/TabLoad.Winforms.csproj" />
</Solution>
