<Solution>
  <Configurations>
    <Platform Name="Any CPU" />
    <Platform Name="x64" />
  </Configurations>
  <Project Path="samples/GeoJsonRead.Winforms/GeoJsonRead.Winforms.csproj" />
  <Project Path="samples/GeoJsonWrite.Winforms/GeoJsonWrite.Winforms.csproj" />
  <Project Path="samples/WkbRead.Winforms/WkbRead.Winforms.csproj" />
  <Project Path="samples/WkbWrite.Winforms/WkbWrite.Winforms.csproj" />
  <Project Path="samples/WktOverlay.Winforms/WktOverlay.Winforms.csproj" />
  <Project Path="samples/WktReadPoint.Winforms/WktReadPoint.Winforms.csproj" />
  <Project Path="samples/WktReadPolygon.Winforms/WktReadPolygon.Winforms.csproj" />
  <Project Path="samples/WktReadPolyline.Winforms/WktReadPolyline.Winforms.csproj" />
  <Project Path="samples/WktRoundtrip.Winforms/WktRoundtrip.Winforms.csproj" />
  <Project Path="samples/WktWrite.Winforms/WktWrite.Winforms.csproj" />
</Solution>
