<Solution>
  <Configurations>
    <Platform Name="Any CPU" />
    <Platform Name="x64" />
  </Configurations>
  <Project Path="samples/AllFeaturesAtPoint.Wpf/AllFeaturesAtPoint.Wpf.csproj" />
  <Project Path="samples/BoxSelect.Wpf/BoxSelect.Wpf.csproj" />
  <Project Path="samples/ClickHitTest.Wpf/ClickHitTest.Wpf.csproj" />
  <Project Path="samples/ExtentQuery.Wpf/ExtentQuery.Wpf.csproj" />
  <Project Path="samples/FeatureAttributes.Wpf/FeatureAttributes.Wpf.csproj" />
  <Project Path="samples/InfoTool.Wpf/InfoTool.Wpf.csproj" />
  <Project Path="samples/MapClickedSignal.Wpf/MapClickedSignal.Wpf.csproj" />
  <Project Path="samples/SelectAdd.Wpf/SelectAdd.Wpf.csproj" />
  <Project Path="samples/SelectClear.Wpf/SelectClear.Wpf.csproj" />
  <Project Path="samples/SelectionBoxSignal.Wpf/SelectionBoxSignal.Wpf.csproj" />
  <Project Path="samples/SelectionSignal.Wpf/SelectionSignal.Wpf.csproj" />
  <Project Path="samples/WorldTolerance.Wpf/WorldTolerance.Wpf.csproj" />
  <Project Path="samples/ZoomToSelection.Wpf/ZoomToSelection.Wpf.csproj" />
</Solution>
