<Solution>
  <Configurations>
    <Platform Name="Any CPU" />
    <Platform Name="x64" />
  </Configurations>
  <Project Path="samples/AddLayers.Wpf/AddLayers.Wpf.csproj" />
  <Project Path="samples/HelloMap.Wpf/HelloMap.Wpf.csproj" />
  <Project Path="samples/Minimap.Wpf/Minimap.Wpf.csproj" />
  <Project Path="samples/Project.Wpf/Project.Wpf.csproj" />
  <Project Path="samples/Scalebar.Wpf/Scalebar.Wpf.csproj" />
</Solution>
